
Microsoft Visual Studio Solution File, Format Version 12.00
# Visual Studio 15
VisualStudioVersion = 15.0.28010.2048
MinimumVisualStudioVersion = 10.0.40219.1
Project("{FAE04EC0-301F-11D3-BF4B-00C04F79EFBC}") = "DausterCustomer.Android", "DausterCustomer\DausterCustomer.Android\DausterCustomer.Android.csproj", "{FD8E1330-E714-42B9-8E4D-152E2E6E1518}"
EndProject
Project("{FAE04EC0-301F-11D3-BF4B-00C04F79EFBC}") = "DausterCustomer.iOS", "DausterCustomer\DausterCustomer.iOS\DausterCustomer.iOS.csproj", "{1A392C5D-82A8-4138-922B-5B8C48229325}"
EndProject
Project("{FAE04EC0-301F-11D3-BF4B-00C04F79EFBC}") = "DausterCustomer", "DausterCustomer\DausterCustomer\DausterCustomer.csproj", "{3D81A9B9-B46B-4F9D-A1EA-135A5CCFA4E6}"
EndProject
Global
	GlobalSection(SolutionConfigurationPlatforms) = preSolution
		Ad-Hoc|Any CPU = Ad-Hoc|Any CPU
		Ad-Hoc|iPhone = Ad-Hoc|iPhone
		Ad-Hoc|iPhoneSimulator = Ad-Hoc|iPhoneSimulator
		AppStore|Any CPU = AppStore|Any CPU
		AppStore|iPhone = AppStore|iPhone
		AppStore|iPhoneSimulator = AppStore|iPhoneSimulator
		Debug|Any CPU = Debug|Any CPU
		Debug|iPhone = Debug|iPhone
		Debug|iPhoneSimulator = Debug|iPhoneSimulator
		Release|Any CPU = Release|Any CPU
		Release|iPhone = Release|iPhone
		Release|iPhoneSimulator = Release|iPhoneSimulator
	EndGlobalSection
	GlobalSection(ProjectConfigurationPlatforms) = postSolution
		{FD8E1330-E714-42B9-8E4D-152E2E6E1518}.Ad-Hoc|Any CPU.ActiveCfg = Release|Any CPU
		{FD8E1330-E714-42B9-8E4D-152E2E6E1518}.Ad-Hoc|Any CPU.Build.0 = Release|Any CPU
		{FD8E1330-E714-42B9-8E4D-152E2E6E1518}.Ad-Hoc|Any CPU.Deploy.0 = Release|Any CPU
		{FD8E1330-E714-42B9-8E4D-152E2E6E1518}.Ad-Hoc|iPhone.ActiveCfg = Release|Any CPU
		{FD8E1330-E714-42B9-8E4D-152E2E6E1518}.Ad-Hoc|iPhone.Build.0 = Release|Any CPU
		{FD8E1330-E714-42B9-8E4D-152E2E6E1518}.Ad-Hoc|iPhone.Deploy.0 = Release|Any CPU
		{FD8E1330-E714-42B9-8E4D-152E2E6E1518}.Ad-Hoc|iPhoneSimulator.ActiveCfg = Release|Any CPU
		{FD8E1330-E714-42B9-8E4D-152E2E6E1518}.Ad-Hoc|iPhoneSimulator.Build.0 = Release|Any CPU
		{FD8E1330-E714-42B9-8E4D-152E2E6E1518}.Ad-Hoc|iPhoneSimulator.Deploy.0 = Release|Any CPU
		{FD8E1330-E714-42B9-8E4D-152E2E6E1518}.AppStore|Any CPU.ActiveCfg = Release|Any CPU
		{FD8E1330-E714-42B9-8E4D-152E2E6E1518}.AppStore|Any CPU.Build.0 = Release|Any CPU
		{FD8E1330-E714-42B9-8E4D-152E2E6E1518}.AppStore|Any CPU.Deploy.0 = Release|Any CPU
		{FD8E1330-E714-42B9-8E4D-152E2E6E1518}.AppStore|iPhone.ActiveCfg = Release|Any CPU
		{FD8E1330-E714-42B9-8E4D-152E2E6E1518}.AppStore|iPhone.Build.0 = Release|Any CPU
		{FD8E1330-E714-42B9-8E4D-152E2E6E1518}.AppStore|iPhone.Deploy.0 = Release|Any CPU
		{FD8E1330-E714-42B9-8E4D-152E2E6E1518}.AppStore|iPhoneSimulator.ActiveCfg = Release|Any CPU
		{FD8E1330-E714-42B9-8E4D-152E2E6E1518}.AppStore|iPhoneSimulator.Build.0 = Release|Any CPU
		{FD8E1330-E714-42B9-8E4D-152E2E6E1518}.AppStore|iPhoneSimulator.Deploy.0 = Release|Any CPU
		{FD8E1330-E714-42B9-8E4D-152E2E6E1518}.Debug|Any CPU.ActiveCfg = Debug|Any CPU
		{FD8E1330-E714-42B9-8E4D-152E2E6E1518}.Debug|Any CPU.Build.0 = Debug|Any CPU
		{FD8E1330-E714-42B9-8E4D-152E2E6E1518}.Debug|Any CPU.Deploy.0 = Debug|Any CPU
		{FD8E1330-E714-42B9-8E4D-152E2E6E1518}.Debug|iPhone.ActiveCfg = Debug|Any CPU
		{FD8E1330-E714-42B9-8E4D-152E2E6E1518}.Debug|iPhone.Build.0 = Debug|Any CPU
		{FD8E1330-E714-42B9-8E4D-152E2E6E1518}.Debug|iPhone.Deploy.0 = Debug|Any CPU
		{FD8E1330-E714-42B9-8E4D-152E2E6E1518}.Debug|iPhoneSimulator.ActiveCfg = Debug|Any CPU
		{FD8E1330-E714-42B9-8E4D-152E2E6E1518}.Debug|iPhoneSimulator.Build.0 = Debug|Any CPU
		{FD8E1330-E714-42B9-8E4D-152E2E6E1518}.Debug|iPhoneSimulator.Deploy.0 = Debug|Any CPU
		{FD8E1330-E714-42B9-8E4D-152E2E6E1518}.Release|Any CPU.ActiveCfg = Release|Any CPU
		{FD8E1330-E714-42B9-8E4D-152E2E6E1518}.Release|Any CPU.Build.0 = Release|Any CPU
		{FD8E1330-E714-42B9-8E4D-152E2E6E1518}.Release|Any CPU.Deploy.0 = Release|Any CPU
		{FD8E1330-E714-42B9-8E4D-152E2E6E1518}.Release|iPhone.ActiveCfg = Release|Any CPU
		{FD8E1330-E714-42B9-8E4D-152E2E6E1518}.Release|iPhone.Build.0 = Release|Any CPU
		{FD8E1330-E714-42B9-8E4D-152E2E6E1518}.Release|iPhone.Deploy.0 = Release|Any CPU
		{FD8E1330-E714-42B9-8E4D-152E2E6E1518}.Release|iPhoneSimulator.ActiveCfg = Release|Any CPU
		{FD8E1330-E714-42B9-8E4D-152E2E6E1518}.Release|iPhoneSimulator.Build.0 = Release|Any CPU
		{FD8E1330-E714-42B9-8E4D-152E2E6E1518}.Release|iPhoneSimulator.Deploy.0 = Release|Any CPU
		{1A392C5D-82A8-4138-922B-5B8C48229325}.Ad-Hoc|Any CPU.ActiveCfg = Ad-Hoc|iPhone
		{1A392C5D-82A8-4138-922B-5B8C48229325}.Ad-Hoc|Any CPU.Build.0 = Ad-Hoc|iPhone
		{1A392C5D-82A8-4138-922B-5B8C48229325}.Ad-Hoc|Any CPU.Deploy.0 = Ad-Hoc|iPhone
		{1A392C5D-82A8-4138-922B-5B8C48229325}.Ad-Hoc|iPhone.ActiveCfg = Ad-Hoc|iPhone
		{1A392C5D-82A8-4138-922B-5B8C48229325}.Ad-Hoc|iPhone.Build.0 = Ad-Hoc|iPhone
		{1A392C5D-82A8-4138-922B-5B8C48229325}.Ad-Hoc|iPhone.Deploy.0 = Ad-Hoc|iPhone
		{1A392C5D-82A8-4138-922B-5B8C48229325}.Ad-Hoc|iPhoneSimulator.ActiveCfg = Ad-Hoc|iPhoneSimulator
		{1A392C5D-82A8-4138-922B-5B8C48229325}.Ad-Hoc|iPhoneSimulator.Build.0 = Ad-Hoc|iPhoneSimulator
		{1A392C5D-82A8-4138-922B-5B8C48229325}.Ad-Hoc|iPhoneSimulator.Deploy.0 = Ad-Hoc|iPhoneSimulator
		{1A392C5D-82A8-4138-922B-5B8C48229325}.AppStore|Any CPU.ActiveCfg = AppStore|iPhone
		{1A392C5D-82A8-4138-922B-5B8C48229325}.AppStore|Any CPU.Build.0 = AppStore|iPhone
		{1A392C5D-82A8-4138-922B-5B8C48229325}.AppStore|Any CPU.Deploy.0 = AppStore|iPhone
		{1A392C5D-82A8-4138-922B-5B8C48229325}.AppStore|iPhone.ActiveCfg = AppStore|iPhone
		{1A392C5D-82A8-4138-922B-5B8C48229325}.AppStore|iPhone.Build.0 = AppStore|iPhone
		{1A392C5D-82A8-4138-922B-5B8C48229325}.AppStore|iPhone.Deploy.0 = AppStore|iPhone
		{1A392C5D-82A8-4138-922B-5B8C48229325}.AppStore|iPhoneSimulator.ActiveCfg = AppStore|iPhoneSimulator
		{1A392C5D-82A8-4138-922B-5B8C48229325}.AppStore|iPhoneSimulator.Build.0 = AppStore|iPhoneSimulator
		{1A392C5D-82A8-4138-922B-5B8C48229325}.AppStore|iPhoneSimulator.Deploy.0 = AppStore|iPhoneSimulator
		{1A392C5D-82A8-4138-922B-5B8C48229325}.Debug|Any CPU.ActiveCfg = Debug|iPhoneSimulator
		{1A392C5D-82A8-4138-922B-5B8C48229325}.Debug|Any CPU.Build.0 = Debug|iPhoneSimulator
		{1A392C5D-82A8-4138-922B-5B8C48229325}.Debug|Any CPU.Deploy.0 = Debug|iPhoneSimulator
		{1A392C5D-82A8-4138-922B-5B8C48229325}.Debug|iPhone.ActiveCfg = Debug|iPhone
		{1A392C5D-82A8-4138-922B-5B8C48229325}.Debug|iPhone.Build.0 = Debug|iPhone
		{1A392C5D-82A8-4138-922B-5B8C48229325}.Debug|iPhone.Deploy.0 = Debug|iPhone
		{1A392C5D-82A8-4138-922B-5B8C48229325}.Debug|iPhoneSimulator.ActiveCfg = Debug|iPhoneSimulator
		{1A392C5D-82A8-4138-922B-5B8C48229325}.Debug|iPhoneSimulator.Build.0 = Debug|iPhoneSimulator
		{1A392C5D-82A8-4138-922B-5B8C48229325}.Debug|iPhoneSimulator.Deploy.0 = Debug|iPhoneSimulator
		{1A392C5D-82A8-4138-922B-5B8C48229325}.Release|Any CPU.ActiveCfg = Release|iPhone
		{1A392C5D-82A8-4138-922B-5B8C48229325}.Release|Any CPU.Build.0 = Release|iPhone
		{1A392C5D-82A8-4138-922B-5B8C48229325}.Release|Any CPU.Deploy.0 = Release|iPhone
		{1A392C5D-82A8-4138-922B-5B8C48229325}.Release|iPhone.ActiveCfg = Release|iPhone
		{1A392C5D-82A8-4138-922B-5B8C48229325}.Release|iPhone.Build.0 = Release|iPhone
		{1A392C5D-82A8-4138-922B-5B8C48229325}.Release|iPhone.Deploy.0 = Release|iPhone
		{1A392C5D-82A8-4138-922B-5B8C48229325}.Release|iPhoneSimulator.ActiveCfg = Release|iPhoneSimulator
		{1A392C5D-82A8-4138-922B-5B8C48229325}.Release|iPhoneSimulator.Build.0 = Release|iPhoneSimulator
		{1A392C5D-82A8-4138-922B-5B8C48229325}.Release|iPhoneSimulator.Deploy.0 = Release|iPhoneSimulator
		{3D81A9B9-B46B-4F9D-A1EA-135A5CCFA4E6}.Ad-Hoc|Any CPU.ActiveCfg = Debug|Any CPU
		{3D81A9B9-B46B-4F9D-A1EA-135A5CCFA4E6}.Ad-Hoc|Any CPU.Build.0 = Debug|Any CPU
		{3D81A9B9-B46B-4F9D-A1EA-135A5CCFA4E6}.Ad-Hoc|Any CPU.Deploy.0 = Debug|Any CPU
		{3D81A9B9-B46B-4F9D-A1EA-135A5CCFA4E6}.Ad-Hoc|iPhone.ActiveCfg = Debug|Any CPU
		{3D81A9B9-B46B-4F9D-A1EA-135A5CCFA4E6}.Ad-Hoc|iPhone.Build.0 = Debug|Any CPU
		{3D81A9B9-B46B-4F9D-A1EA-135A5CCFA4E6}.Ad-Hoc|iPhone.Deploy.0 = Debug|Any CPU
		{3D81A9B9-B46B-4F9D-A1EA-135A5CCFA4E6}.Ad-Hoc|iPhoneSimulator.ActiveCfg = Debug|Any CPU
		{3D81A9B9-B46B-4F9D-A1EA-135A5CCFA4E6}.Ad-Hoc|iPhoneSimulator.Build.0 = Debug|Any CPU
		{3D81A9B9-B46B-4F9D-A1EA-135A5CCFA4E6}.Ad-Hoc|iPhoneSimulator.Deploy.0 = Debug|Any CPU
		{3D81A9B9-B46B-4F9D-A1EA-135A5CCFA4E6}.AppStore|Any CPU.ActiveCfg = Debug|Any CPU
		{3D81A9B9-B46B-4F9D-A1EA-135A5CCFA4E6}.AppStore|Any CPU.Build.0 = Debug|Any CPU
		{3D81A9B9-B46B-4F9D-A1EA-135A5CCFA4E6}.AppStore|Any CPU.Deploy.0 = Debug|Any CPU
		{3D81A9B9-B46B-4F9D-A1EA-135A5CCFA4E6}.AppStore|iPhone.ActiveCfg = Debug|Any CPU
		{3D81A9B9-B46B-4F9D-A1EA-135A5CCFA4E6}.AppStore|iPhone.Build.0 = Debug|Any CPU
		{3D81A9B9-B46B-4F9D-A1EA-135A5CCFA4E6}.AppStore|iPhone.Deploy.0 = Debug|Any CPU
		{3D81A9B9-B46B-4F9D-A1EA-135A5CCFA4E6}.AppStore|iPhoneSimulator.ActiveCfg = Debug|Any CPU
		{3D81A9B9-B46B-4F9D-A1EA-135A5CCFA4E6}.AppStore|iPhoneSimulator.Build.0 = Debug|Any CPU
		{3D81A9B9-B46B-4F9D-A1EA-135A5CCFA4E6}.AppStore|iPhoneSimulator.Deploy.0 = Debug|Any CPU
		{3D81A9B9-B46B-4F9D-A1EA-135A5CCFA4E6}.Debug|Any CPU.ActiveCfg = Debug|Any CPU
		{3D81A9B9-B46B-4F9D-A1EA-135A5CCFA4E6}.Debug|Any CPU.Build.0 = Debug|Any CPU
		{3D81A9B9-B46B-4F9D-A1EA-135A5CCFA4E6}.Debug|Any CPU.Deploy.0 = Debug|Any CPU
		{3D81A9B9-B46B-4F9D-A1EA-135A5CCFA4E6}.Debug|iPhone.ActiveCfg = Debug|Any CPU
		{3D81A9B9-B46B-4F9D-A1EA-135A5CCFA4E6}.Debug|iPhone.Build.0 = Debug|Any CPU
		{3D81A9B9-B46B-4F9D-A1EA-135A5CCFA4E6}.Debug|iPhone.Deploy.0 = Debug|Any CPU
		{3D81A9B9-B46B-4F9D-A1EA-135A5CCFA4E6}.Debug|iPhoneSimulator.ActiveCfg = Debug|Any CPU
		{3D81A9B9-B46B-4F9D-A1EA-135A5CCFA4E6}.Debug|iPhoneSimulator.Build.0 = Debug|Any CPU
		{3D81A9B9-B46B-4F9D-A1EA-135A5CCFA4E6}.Debug|iPhoneSimulator.Deploy.0 = Debug|Any CPU
		{3D81A9B9-B46B-4F9D-A1EA-135A5CCFA4E6}.Release|Any CPU.ActiveCfg = Release|Any CPU
		{3D81A9B9-B46B-4F9D-A1EA-135A5CCFA4E6}.Release|Any CPU.Build.0 = Release|Any CPU
		{3D81A9B9-B46B-4F9D-A1EA-135A5CCFA4E6}.Release|Any CPU.Deploy.0 = Release|Any CPU
		{3D81A9B9-B46B-4F9D-A1EA-135A5CCFA4E6}.Release|iPhone.ActiveCfg = Release|Any CPU
		{3D81A9B9-B46B-4F9D-A1EA-135A5CCFA4E6}.Release|iPhone.Build.0 = Release|Any CPU
		{3D81A9B9-B46B-4F9D-A1EA-135A5CCFA4E6}.Release|iPhone.Deploy.0 = Release|Any CPU
		{3D81A9B9-B46B-4F9D-A1EA-135A5CCFA4E6}.Release|iPhoneSimulator.ActiveCfg = Release|Any CPU
		{3D81A9B9-B46B-4F9D-A1EA-135A5CCFA4E6}.Release|iPhoneSimulator.Build.0 = Release|Any CPU
		{3D81A9B9-B46B-4F9D-A1EA-135A5CCFA4E6}.Release|iPhoneSimulator.Deploy.0 = Release|Any CPU
	EndGlobalSection
	GlobalSection(SolutionProperties) = preSolution
		HideSolutionNode = FALSE
	EndGlobalSection
	GlobalSection(ExtensibilityGlobals) = postSolution
		SolutionGuid = {ACB592B1-DA53-4404-8FAD-258ED28B04CF}
	EndGlobalSection
EndGlobal
